// !$*UTF8*$!
{
	archiveVersion = 1;
	classes = {
	};
	objectVersion = 56;
	objects = {

/* Begin PBXBuildFile section */
		B4761D8C2CEB0083000ECBF1 /* MoviesBrowserApp.swift in Sources */ = {isa = PBXBuildFile; fileRef = B4761D8B2CEB0083000ECBF1 /* MoviesBrowserApp.swift */; };
		B4761D902CEB0084000ECBF1 /* Assets.xcassets in Resources */ = {isa = PBXBuildFile; fileRef = B4761D8F2CEB0084000ECBF1 /* Assets.xcassets */; };
		B4761D932CEB0084000ECBF1 /* Preview Assets.xcassets in Resources */ = {isa = PBXBuildFile; fileRef = B4761D922CEB0084000ECBF1 /* Preview Assets.xcassets */; };
		B4761DA42CEB0136000ECBF1 /* MovieDetailModel.swift in Sources */ = {isa = PBXBuildFile; fileRef = B4761D992CEB0136000ECBF1 /* MovieDetailModel.swift */; };
		B4761DA52CEB0136000ECBF1 /* MovieSummaryModel.swift in Sources */ = {isa = PBXBuildFile; fileRef = B4761D9A2CEB0136000ECBF1 /* MovieSummaryModel.swift */; };
		B4761DA62CEB0136000ECBF1 /* NetworkManager.swift in Sources */ = {isa = PBXBuildFile; fileRef = B4761D9C2CEB0136000ECBF1 /* NetworkManager.swift */; };
		B4761DA72CEB0136000ECBF1 /* MovieDetailView.swift in Sources */ = {isa = PBXBuildFile; fileRef = B4761D9E2CEB0136000ECBF1 /* MovieDetailView.swift */; };
		B4761DA82CEB0136000ECBF1 /* MovieGridView.swift in Sources */ = {isa = PBXBuildFile; fileRef = B4761D9F2CEB0136000ECBF1 /* MovieGridView.swift */; };
		B4761DA92CEB0136000ECBF1 /* MovieDetailViewModel.swift in Sources */ = {isa = PBXBuildFile; fileRef = B4761DA12CEB0136000ECBF1 /* MovieDetailViewModel.swift */; };
		B4761DAA2CEB0136000ECBF1 /* MovieGridViewModel.swift in Sources */ = {isa = PBXBuildFile; fileRef = B4761DA22CEB0136000ECBF1 /* MovieGridViewModel.swift */; };
		B4761DAD2CEB0180000ECBF1 /* Kingfisher in Frameworks */ = {isa = PBXBuildFile; productRef = B4761DAC2CEB0180000ECBF1 /* Kingfisher */; };
/* End PBXBuildFile section */

/* Begin PBXFileReference section */
		B4761D882CEB0083000ECBF1 /* MoviesBrowser.app */ = {isa = PBXFileReference; explicitFileType = wrapper.application; includeInIndex = 0; path = MoviesBrowser.app; sourceTree = BUILT_PRODUCTS_DIR; };
		B4761D8B2CEB0083000ECBF1 /* MoviesBrowserApp.swift */ = {isa = PBXFileReference; lastKnownFileType = sourcecode.swift; path = MoviesBrowserApp.swift; sourceTree = "<group>"; };
		B4761D8F2CEB0084000ECBF1 /* Assets.xcassets */ = {isa = PBXFileReference; lastKnownFileType = folder.assetcatalog; path = Assets.xcassets; sourceTree = "<group>"; };
		B4761D922CEB0084000ECBF1 /* Preview Assets.xcassets */ = {isa = PBXFileReference; lastKnownFileType = folder.assetcatalog; path = "Preview Assets.xcassets"; sourceTree = "<group>"; };
		B4761D992CEB0136000ECBF1 /* MovieDetailModel.swift */ = {isa = PBXFileReference; fileEncoding = 4; lastKnownFileType = sourcecode.swift; path = MovieDetailModel.swift; sourceTree = "<group>"; };
		B4761D9A2CEB0136000ECBF1 /* MovieSummaryModel.swift */ = {isa = PBXFileReference; fileEncoding = 4; lastKnownFileType = sourcecode.swift; path = MovieSummaryModel.swift; sourceTree = "<group>"; };
		B4761D9C2CEB0136000ECBF1 /* NetworkManager.swift */ = {isa = PBXFileReference; fileEncoding = 4; lastKnownFileType = sourcecode.swift; path = NetworkManager.swift; sourceTree = "<group>"; };
		B4761D9E2CEB0136000ECBF1 /* MovieDetailView.swift */ = {isa = PBXFileReference; fileEncoding = 4; lastKnownFileType = sourcecode.swift; path = MovieDetailView.swift; sourceTree = "<group>"; };
		B4761D9F2CEB0136000ECBF1 /* MovieGridView.swift */ = {isa = PBXFileReference; fileEncoding = 4; lastKnownFileType = sourcecode.swift; path = MovieGridView.swift; sourceTree = "<group>"; };
		B4761DA12CEB0136000ECBF1 /* MovieDetailViewModel.swift */ = {isa = PBXFileReference; fileEncoding = 4; lastKnownFileType = sourcecode.swift; path = MovieDetailViewModel.swift; sourceTree = "<group>"; };
		B4761DA22CEB0136000ECBF1 /* MovieGridViewModel.swift */ = {isa = PBXFileReference; fileEncoding = 4; lastKnownFileType = sourcecode.swift; path = MovieGridViewModel.swift; sourceTree = "<group>"; };
/* End PBXFileReference section */

/* Begin PBXFrameworksBuildPhase section */
		B4761D852CEB0083000ECBF1 /* Frameworks */ = {
			isa = PBXFrameworksBuildPhase;
			buildActionMask = 2147483647;
			files = (
				B4761DAD2CEB0180000ECBF1 /* Kingfisher in Frameworks */,
			);
			runOnlyForDeploymentPostprocessing = 0;
		};
/* End PBXFrameworksBuildPhase section */

/* Begin PBXGroup section */
		B4761D7F2CEB0083000ECBF1 = {
			isa = PBXGroup;
			children = (
				B4761D8A2CEB0083000ECBF1 /* MoviesBrowser */,
				B4761D892CEB0083000ECBF1 /* Products */,
			);
			sourceTree = "<group>";
		};
		B4761D892CEB0083000ECBF1 /* Products */ = {
			isa = PBXGroup;
			children = (
				B4761D882CEB0083000ECBF1 /* MoviesBrowser.app */,
			);
			name = Products;
			sourceTree = "<group>";
		};
		B4761D8A2CEB0083000ECBF1 /* MoviesBrowser */ = {
			isa = PBXGroup;
			children = (
				B4761D9B2CEB0136000ECBF1 /* Models */,
				B4761D9D2CEB0136000ECBF1 /* Services */,
				B4761DA32CEB0136000ECBF1 /* ViewModels */,
				B4761DA02CEB0136000ECBF1 /* Views */,
				B4761D8B2CEB0083000ECBF1 /* MoviesBrowserApp.swift */,
				B4761D8F2CEB0084000ECBF1 /* Assets.xcassets */,
				B4761D912CEB0084000ECBF1 /* Preview Content */,
			);
			path = MoviesBrowser;
			sourceTree = "<group>";
		};
		B4761D912CEB0084000ECBF1 /* Preview Content */ = {
			isa = PBXGroup;
			children = (
				B4761D922CEB0084000ECBF1 /* Preview Assets.xcassets */,
			);
			path = "Preview Content";
			sourceTree = "<group>";
		};
		B4761D9B2CEB0136000ECBF1 /* Models */ = {
			isa = PBXGroup;
			children = (
				B4761D992CEB0136000ECBF1 /* MovieDetailModel.swift */,
				B4761D9A2CEB0136000ECBF1 /* MovieSummaryModel.swift */,
			);
			path = Models;
			sourceTree = "<group>";
		};
		B4761D9D2CEB0136000ECBF1 /* Services */ = {
			isa = PBXGroup;
			children = (
				B4761D9C2CEB0136000ECBF1 /* NetworkManager.swift */,
			);
			path = Services;
			sourceTree = "<group>";
		};
		B4761DA02CEB0136000ECBF1 /* Views */ = {
			isa = PBXGroup;
			children = (
				B4761D9E2CEB0136000ECBF1 /* MovieDetailView.swift */,
				B4761D9F2CEB0136000ECBF1 /* MovieGridView.swift */,
			);
			path = Views;
			sourceTree = "<group>";
		};
		B4761DA32CEB0136000ECBF1 /* ViewModels */ = {
			isa = PBXGroup;
			children = (
				B4761DA12CEB0136000ECBF1 /* MovieDetailViewModel.swift */,
				B4761DA22CEB0136000ECBF1 /* MovieGridViewModel.swift */,
			);
			path = ViewModels;
			sourceTree = "<group>";
		};
/* End PBXGroup section */

/* Begin PBXNativeTarget section */
		B4761D872CEB0083000ECBF1 /* MoviesBrowser */ = {
			isa = PBXNativeTarget;
			buildConfigurationList = B4761D962CEB0084000ECBF1 /* Build configuration list for PBXNativeTarget "MoviesBrowser" */;
			buildPhases = (
				B4761D842CEB0083000ECBF1 /* Sources */,
				B4761D852CEB0083000ECBF1 /* Frameworks */,
				B4761D862CEB0083000ECBF1 /* Resources */,
			);
			buildRules = (
			);
			dependencies = (
			);
			name = MoviesBrowser;
			packageProductDependencies = (
				B4761DAC2CEB0180000ECBF1 /* Kingfisher */,
			);
			productName = MoviesBrowser;
			productReference = B4761D882CEB0083000ECBF1 /* MoviesBrowser.app */;
			productType = "com.apple.product-type.application";
		};
/* End PBXNativeTarget section */

/* Begin PBXProject section */
		B4761D802CEB0083000ECBF1 /* Project object */ = {
			isa = PBXProject;
			attributes = {
				BuildIndependentTargetsInParallel = 1;
				LastSwiftUpdateCheck = 1540;
				LastUpgradeCheck = 1540;
				TargetAttributes = {
					B4761D872CEB0083000ECBF1 = {
						CreatedOnToolsVersion = 15.4;
					};
				};
			};
			buildConfigurationList = B4761D832CEB0083000ECBF1 /* Build configuration list for PBXProject "MoviesBrowser" */;
			compatibilityVersion = "Xcode 14.0";
			developmentRegion = en;
			hasScannedForEncodings = 0;
			knownRegions = (
				en,
				Base,
			);
			mainGroup = B4761D7F2CEB0083000ECBF1;
			packageReferences = (
				B4761DAB2CEB0180000ECBF1 /* XCRemoteSwiftPackageReference "Kingfisher" */,
			);
			productRefGroup = B4761D892CEB0083000ECBF1 /* Products */;
			projectDirPath = "";
			projectRoot = "";
			targets = (
				B4761D872CEB0083000ECBF1 /* MoviesBrowser */,
			);
		};
/* End PBXProject section */

/* Begin PBXResourcesBuildPhase section */
		B4761D862CEB0083000ECBF1 /* Resources */ = {
			isa = PBXResourcesBuildPhase;
			buildActionMask = 2147483647;
			files = (
				B4761D932CEB0084000ECBF1 /* Preview Assets.xcassets in Resources */,
				B4761D902CEB0084000ECBF1 /* Assets.xcassets in Resources */,
			);
			runOnlyForDeploymentPostprocessing = 0;
		};
/* End PBXResourcesBuildPhase section */

/* Begin PBXSourcesBuildPhase section */
		B4761D842CEB0083000ECBF1 /* Sources */ = {
			isa = PBXSourcesBuildPhase;
			buildActionMask = 2147483647;
			files = (
				B4761DA72CEB0136000ECBF1 /* MovieDetailView.swift in Sources */,
				B4761DA52CEB0136000ECBF1 /* MovieSummaryModel.swift in Sources */,
				B4761DA62CEB0136000ECBF1 /* NetworkManager.swift in Sources */,
				B4761DA92CEB0136000ECBF1 /* MovieDetailViewModel.swift in Sources */,
				B4761DAA2CEB0136000ECBF1 /* MovieGridViewModel.swift in Sources */,
				B4761DA82CEB0136000ECBF1 /* MovieGridView.swift in Sources */,
				B4761DA42CEB0136000ECBF1 /* MovieDetailModel.swift in Sources */,
				B4761D8C2CEB0083000ECBF1 /* MoviesBrowserApp.swift in Sources */,
			);
			runOnlyForDeploymentPostprocessing = 0;
		};
/* End PBXSourcesBuildPhase section */

/* Begin XCBuildConfiguration section */
		B4761D942CEB0084000ECBF1 /* Debug */ = {
			isa = XCBuildConfiguration;
			buildSettings = {
				ALWAYS_SEARCH_USER_PATHS = NO;
				ASSETCATALOG_COMPILER_GENERATE_SWIFT_ASSET_SYMBOL_EXTENSIONS = YES;
				CLANG_ANALYZER_NONNULL = YES;
				CLANG_ANALYZER_NUMBER_OBJECT_CONVERSION = YES_AGGRESSIVE;
				CLANG_CXX_LANGUAGE_STANDARD = "gnu++20";
				CLANG_ENABLE_MODULES = YES;
				CLANG_ENABLE_OBJC_ARC = YES;
				CLANG_ENABLE_OBJC_WEAK = YES;
				CLANG_WARN_BLOCK_CAPTURE_AUTORELEASING = YES;
				CLANG_WARN_BOOL_CONVERSION = YES;
				CLANG_WARN_COMMA = YES;
				CLANG_WARN_CONSTANT_CONVERSION = YES;
				CLANG_WARN_DEPRECATED_OBJC_IMPLEMENTATIONS = YES;
				CLANG_WARN_DIRECT_OBJC_ISA_USAGE = YES_ERROR;
				CLANG_WARN_DOCUMENTATION_COMMENTS = YES;
				CLANG_WARN_EMPTY_BODY = YES;
				CLANG_WARN_ENUM_CONVERSION = YES;
				CLANG_WARN_INFINITE_RECURSION = YES;
				CLANG_WARN_INT_CONVERSION = YES;
				CLANG_WARN_NON_LITERAL_NULL_CONVERSION = YES;
				CLANG_WARN_OBJC_IMPLICIT_RETAIN_SELF = YES;
				CLANG_WARN_OBJC_LITERAL_CONVERSION = YES;
				CLANG_WARN_OBJC_ROOT_CLASS = YES_ERROR;
				CLANG_WARN_QUOTED_INCLUDE_IN_FRAMEWORK_HEADER = YES;
				CLANG_WARN_RANGE_LOOP_ANALYSIS = YES;
				CLANG_WARN_STRICT_PROTOTYPES = YES;
				CLANG_WARN_SUSPICIOUS_MOVE = YES;
				CLANG_WARN_UNGUARDED_AVAILABILITY = YES_AGGRESSIVE;
				CLANG_WARN_UNREACHABLE_CODE = YES;
				CLANG_WARN__DUPLICATE_METHOD_MATCH = YES;
				COPY_PHASE_STRIP = NO;
				DEBUG_INFORMATION_FORMAT = dwarf;
				ENABLE_STRICT_OBJC_MSGSEND = YES;
				ENABLE_TESTABILITY = YES;
				ENABLE_USER_SCRIPT_SANDBOXING = YES;
				GCC_C_LANGUAGE_STANDARD = gnu17;
				GCC_DYNAMIC_NO_PIC = NO;
				GCC_NO_COMMON_BLOCKS = YES;
				GCC_OPTIMIZATION_LEVEL = 0;
				GCC_PREPROCESSOR_DEFINITIONS = (
					"DEBUG=1",
					"$(inherited)",
				);
				GCC_WARN_64_TO_32_BIT_CONVERSION = YES;
				GCC_WARN_ABOUT_RETURN_TYPE = YES_ERROR;
				GCC_WARN_UNDECLARED_SELECTOR = YES;
				GCC_WARN_UNINITIALIZED_AUTOS = YES_AGGRESSIVE;
				GCC_WARN_UNUSED_FUNCTION = YES;
				GCC_WARN_UNUSED_VARIABLE = YES;
				IPHONEOS_DEPLOYMENT_TARGET = 17.5;
				LOCALIZATION_PREFERS_STRING_CATALOGS = YES;
				MTL_ENABLE_DEBUG_INFO = INCLUDE_SOURCE;
				MTL_FAST_MATH = YES;
				ONLY_ACTIVE_ARCH = YES;
				SDKROOT = iphoneos;
				SWIFT_ACTIVE_COMPILATION_CONDITIONS = "DEBUG $(inherited)";
				SWIFT_OPTIMIZATION_LEVEL = "-Onone";
			};
			name = Debug;
		};
		B4761D952CEB0084000ECBF1 /* Release */ = {
			isa = XCBuildConfiguration;
			buildSettings = {
				ALWAYS_SEARCH_USER_PATHS = NO;
				ASSETCATALOG_COMPILER_GENERATE_SWIFT_ASSET_SYMBOL_EXTENSIONS = YES;
				CLANG_ANALYZER_NONNULL = YES;
				CLANG_ANALYZER_NUMBER_OBJECT_CONVERSION = YES_AGGRESSIVE;
				CLANG_CXX_LANGUAGE_STANDARD = "gnu++20";
				CLANG_ENABLE_MODULES = YES;
				CLANG_ENABLE_OBJC_ARC = YES;
				CLANG_ENABLE_OBJC_WEAK = YES;
				CLANG_WARN_BLOCK_CAPTURE_AUTORELEASING = YES;
				CLANG_WARN_BOOL_CONVERSION = YES;
				CLANG_WARN_COMMA = YES;
				CLANG_WARN_CONSTANT_CONVERSION = YES;
				CLANG_WARN_DEPRECATED_OBJC_IMPLEMENTATIONS = YES;
				CLANG_WARN_DIRECT_OBJC_ISA_USAGE = YES_ERROR;
				CLANG_WARN_DOCUMENTATION_COMMENTS = YES;
				CLANG_WARN_EMPTY_BODY = YES;
				CLANG_WARN_ENUM_CONVERSION = YES;
				CLANG_WARN_INFINITE_RECURSION = YES;
				CLANG_WARN_INT_CONVERSION = YES;
				CLANG_WARN_NON_LITERAL_NULL_CONVERSION = YES;
				CLANG_WARN_OBJC_IMPLICIT_RETAIN_SELF = YES;
				CLANG_WARN_OBJC_LITERAL_CONVERSION = YES;
				CLANG_WARN_OBJC_ROOT_CLASS = YES_ERROR;
				CLANG_WARN_QUOTED_INCLUDE_IN_FRAMEWORK_HEADER = YES;
				CLANG_WARN_RANGE_LOOP_ANALYSIS = YES;
				CLANG_WARN_STRICT_PROTOTYPES = YES;
				CLANG_WARN_SUSPICIOUS_MOVE = YES;
				CLANG_WARN_UNGUARDED_AVAILABILITY = YES_AGGRESSIVE;
				CLANG_WARN_UNREACHABLE_CODE = YES;
				CLANG_WARN__DUPLICATE_METHOD_MATCH = YES;
				COPY_PHASE_STRIP = NO;
				DEBUG_INFORMATION_FORMAT = "dwarf-with-dsym";
				ENABLE_NS_ASSERTIONS = NO;
				ENABLE_STRICT_OBJC_MSGSEND = YES;
				ENABLE_USER_SCRIPT_SANDBOXING = YES;
				GCC_C_LANGUAGE_STANDARD = gnu17;
				GCC_NO_COMMON_BLOCKS = YES;
				GCC_WARN_64_TO_32_BIT_CONVERSION = YES;
				GCC_WARN_ABOUT_RETURN_TYPE = YES_ERROR;
				GCC_WARN_UNDECLARED_SELECTOR = YES;
				GCC_WARN_UNINITIALIZED_AUTOS = YES_AGGRESSIVE;
				GCC_WARN_UNUSED_FUNCTION = YES;
				GCC_WARN_UNUSED_VARIABLE = YES;
				IPHONEOS_DEPLOYMENT_TARGET = 17.5;
				LOCALIZATION_PREFERS_STRING_CATALOGS = YES;
				MTL_ENABLE_DEBUG_INFO = NO;
				MTL_FAST_MATH = YES;
				SDKROOT = iphoneos;
				SWIFT_COMPILATION_MODE = wholemodule;
				VALIDATE_PRODUCT = YES;
			};
			name = Release;
		};
		B4761D972CEB0084000ECBF1 /* Debug */ = {
			isa = XCBuildConfiguration;
			buildSettings = {
				ASSETCATALOG_COMPILER_APPICON_NAME = AppIcon;
				ASSETCATALOG_COMPILER_GLOBAL_ACCENT_COLOR_NAME = AccentColor;
				CODE_SIGN_STYLE = Automatic;
				CURRENT_PROJECT_VERSION = 1;
				DEVELOPMENT_ASSET_PATHS = "\"MoviesBrowser/Preview Content\"";
				ENABLE_PREVIEWS = YES;
				GENERATE_INFOPLIST_FILE = YES;
				INFOPLIST_KEY_UIApplicationSceneManifest_Generation = YES;
				INFOPLIST_KEY_UIApplicationSupportsIndirectInputEvents = YES;
				INFOPLIST_KEY_UILaunchScreen_Generation = YES;
				INFOPLIST_KEY_UISupportedInterfaceOrientations_iPad = "UIInterfaceOrientationPortrait UIInterfaceOrientationPortraitUpsideDown UIInterfaceOrientationLandscapeLeft UIInterfaceOrientationLandscapeRight";
				INFOPLIST_KEY_UISupportedInterfaceOrientations_iPhone = "UIInterfaceOrientationPortrait UIInterfaceOrientationLandscapeLeft UIInterfaceOrientationLandscapeRight";
				LD_RUNPATH_SEARCH_PATHS = (
					"$(inherited)",
					"@executable_path/Frameworks",
				);
				MARKETING_VERSION = 1.0;
				PRODUCT_BUNDLE_IDENTIFIER = com.MoviesBrowser;
				PRODUCT_NAME = "$(TARGET_NAME)";
				SWIFT_EMIT_LOC_STRINGS = YES;
				SWIFT_VERSION = 5.0;
				TARGETED_DEVICE_FAMILY = "1,2";
			};
			name = Debug;
		};
		B4761D982CEB0084000ECBF1 /* Release */ = {
			isa = XCBuildConfiguration;
			buildSettings = {
				ASSETCATALOG_COMPILER_APPICON_NAME = AppIcon;
				ASSETCATALOG_COMPILER_GLOBAL_ACCENT_COLOR_NAME = AccentColor;
				CODE_SIGN_STYLE = Automatic;
				CURRENT_PROJECT_VERSION = 1;
				DEVELOPMENT_ASSET_PATHS = "\"MoviesBrowser/Preview Content\"";
				ENABLE_PREVIEWS = YES;
				GENERATE_INFOPLIST_FILE = YES;
				INFOPLIST_KEY_UIApplicationSceneManifest_Generation = YES;
				INFOPLIST_KEY_UIApplicationSupportsIndirectInputEvents = YES;
				INFOPLIST_KEY_UILaunchScreen_Generation = YES;
				INFOPLIST_KEY_UISupportedInterfaceOrientations_iPad = "UIInterfaceOrientationPortrait UIInterfaceOrientationPortraitUpsideDown UIInterfaceOrientationLandscapeLeft UIInterfaceOrientationLandscapeRight";
				INFOPLIST_KEY_UISupportedInterfaceOrientations_iPhone = "UIInterfaceOrientationPortrait UIInterfaceOrientationLandscapeLeft UIInterfaceOrientationLandscapeRight";
				LD_RUNPATH_SEARCH_PATHS = (
					"$(inherited)",
					"@executable_path/Frameworks",
				);
				MARKETING_VERSION = 1.0;
				PRODUCT_BUNDLE_IDENTIFIER = com.MoviesBrowser;
				PRODUCT_NAME = "$(TARGET_NAME)";
				SWIFT_EMIT_LOC_STRINGS = YES;
				SWIFT_VERSION = 5.0;
				TARGETED_DEVICE_FAMILY = "1,2";
			};
			name = Release;
		};
/* End XCBuildConfiguration section */

/* Begin XCConfigurationList section */
		B4761D832CEB0083000ECBF1 /* Build configuration list for PBXProject "MoviesBrowser" */ = {
			isa = XCConfigurationList;
			buildConfigurations = (
				B4761D942CEB0084000ECBF1 /* Debug */,
				B4761D952CEB0084000ECBF1 /* Release */,
			);
			defaultConfigurationIsVisible = 0;
			defaultConfigurationName = Release;
		};
		B4761D962CEB0084000ECBF1 /* Build configuration list for PBXNativeTarget "MoviesBrowser" */ = {
			isa = XCConfigurationList;
			buildConfigurations = (
				B4761D972CEB0084000ECBF1 /* Debug */,
				B4761D982CEB0084000ECBF1 /* Release */,
			);
			defaultConfigurationIsVisible = 0;
			defaultConfigurationName = Release;
		};
/* End XCConfigurationList section */

/* Begin XCRemoteSwiftPackageReference section */
		B4761DAB2CEB0180000ECBF1 /* XCRemoteSwiftPackageReference "Kingfisher" */ = {
			isa = XCRemoteSwiftPackageReference;
			repositoryURL = "https://github.com/onevcat/Kingfisher.git";
			requirement = {
				kind = upToNextMajorVersion;
				minimumVersion = 8.1.0;
			};
		};
/* End XCRemoteSwiftPackageReference section */

/* Begin XCSwiftPackageProductDependency section */
		B4761DAC2CEB0180000ECBF1 /* Kingfisher */ = {
			isa = XCSwiftPackageProductDependency;
			package = B4761DAB2CEB0180000ECBF1 /* XCRemoteSwiftPackageReference "Kingfisher" */;
			productName = Kingfisher;
		};
/* End XCSwiftPackageProductDependency section */
	};
	rootObject = B4761D802CEB0083000ECBF1 /* Project object */;
}
